
Microsoft Visual Studio Solution File, Format Version 12.00
# Visual Studio Version 17
VisualStudioVersion = 17.0.31903.59
MinimumVisualStudioVersion = 10.0.40219.1
Project("{2150E333-8FDC-42A3-9474-1A3956D46DE8}") = "src", "src", "{827E0CD3-B72D-47B6-A68D-7590B98EB39B}"
EndProject
Project("{2150E333-8FDC-42A3-9474-1A3956D46DE8}") = "services", "services", "{984BB9B3-3FA3-BE33-9484-CAC21695A33C}"
EndProject
Project("{2150E333-8FDC-42A3-9474-1A3956D46DE8}") = "IdentityService", "IdentityService", "{3D2E8631-8982-4CD8-85A8-437089729894}"
EndProject
Project("{FAE04EC0-301F-11D3-BF4B-00C04F79EFBC}") = "IdentityService.Domain", "src\services\IdentityService\IdentityService.Domain\IdentityService.Domain.csproj", "{13F41857-4141-4F0A-B0A8-6CFD76F2D2E7}"
EndProject
Project("{FAE04EC0-301F-11D3-BF4B-00C04F79EFBC}") = "IdentityService.Application", "src\services\IdentityService\IdentityService.Application\IdentityService.Application.csproj", "{2631ED43-F84F-480F-B106-9A1697562CD9}"
EndProject
Project("{FAE04EC0-301F-11D3-BF4B-00C04F79EFBC}") = "IdentityService.Infrastructure", "src\services\IdentityService\IdentityService.Infrastructure\IdentityService.Infrastructure.csproj", "{AF983751-45AD-42C3-8012-602DE40979D2}"
EndProject
Project("{FAE04EC0-301F-11D3-BF4B-00C04F79EFBC}") = "IdentityService.Api", "src\services\IdentityService\IdentityService.Api\IdentityService.Api.csproj", "{FB80D69E-7D66-4C6A-9CAC-45DFBD947070}"
EndProject
Project("{2150E333-8FDC-42A3-9474-1A3956D46DE8}") = "buildingblocks", "buildingblocks", "{90298CBA-BD6F-3A0A-69D5-97CAD7B05E7E}"
EndProject
Project("{FAE04EC0-301F-11D3-BF4B-00C04F79EFBC}") = "ProSolve.Contracts", "src\buildingblocks\ProSolve.Contracts\ProSolve.Contracts.csproj", "{71C2D624-177B-4698-935B-3A17F5A75720}"
EndProject
Project("{2150E333-8FDC-42A3-9474-1A3956D46DE8}") = "ProfileService", "ProfileService", "{E84AFA33-838D-562F-4664-2E89E0D91D0E}"
EndProject
Project("{FAE04EC0-301F-11D3-BF4B-00C04F79EFBC}") = "ProfileService.Domain", "src\services\ProfileService\ProfileService.Domain\ProfileService.Domain.csproj", "{4DC50F7A-2500-4E9C-BBB6-7ED2C157D3EF}"
EndProject
Project("{FAE04EC0-301F-11D3-BF4B-00C04F79EFBC}") = "ProfileService.Application", "src\services\ProfileService\ProfileService.Application\ProfileService.Application.csproj", "{979DA142-5541-46A9-B86C-A9CCA2EFBE07}"
EndProject
Project("{FAE04EC0-301F-11D3-BF4B-00C04F79EFBC}") = "ProfileService.Infrastructure", "src\services\ProfileService\ProfileService.Infrastructure\ProfileService.Infrastructure.csproj", "{C1BA88FF-8AD9-455F-8928-F3E62136DA22}"
EndProject
Project("{FAE04EC0-301F-11D3-BF4B-00C04F79EFBC}") = "ProfileService.Api", "src\services\ProfileService\ProfileService.Api\ProfileService.Api.csproj", "{179071F8-7487-4E01-80AB-56838661E9E3}"
EndProject
Project("{2150E333-8FDC-42A3-9474-1A3956D46DE8}") = "JobService", "JobService", "{EED46BDE-850E-C509-1804-4B82399CC581}"
EndProject
Project("{FAE04EC0-301F-11D3-BF4B-00C04F79EFBC}") = "JobService.Domain", "src\services\JobService\JobService.Domain\JobService.Domain.csproj", "{173B7D34-E877-4124-A939-8B4D4027F42D}"
EndProject
Project("{FAE04EC0-301F-11D3-BF4B-00C04F79EFBC}") = "JobService.Application", "src\services\JobService\JobService.Application\JobService.Application.csproj", "{D69EF01A-7A90-4DFE-9FB0-36383B3B4912}"
EndProject
Project("{FAE04EC0-301F-11D3-BF4B-00C04F79EFBC}") = "JobService.Infrastructure", "src\services\JobService\JobService.Infrastructure\JobService.Infrastructure.csproj", "{936A58A2-7215-45E8-975A-3ACA4C7C2F75}"
EndProject
Project("{FAE04EC0-301F-11D3-BF4B-00C04F79EFBC}") = "JobService.Api", "src\services\JobService\JobService.Api\JobService.Api.csproj", "{C3548F9B-DCC0-48F2-A75C-3316E5320C16}"
EndProject
Project("{2150E333-8FDC-42A3-9474-1A3956D46DE8}") = "MediaService", "MediaService", "{734588D4-7F9B-608D-68A3-3A517553E21D}"
EndProject
Project("{FAE04EC0-301F-11D3-BF4B-00C04F79EFBC}") = "MediaService.Domain", "src\services\MediaService\MediaService.Domain\MediaService.Domain.csproj", "{6F56D1AE-5329-4F43-925F-518FE4023AE0}"
EndProject
Project("{FAE04EC0-301F-11D3-BF4B-00C04F79EFBC}") = "MediaService.Application", "src\services\MediaService\MediaService.Application\MediaService.Application.csproj", "{DDAE765E-64B3-492D-96D4-C4681630ECD3}"
EndProject
Project("{FAE04EC0-301F-11D3-BF4B-00C04F79EFBC}") = "MediaService.Infrastructure", "src\services\MediaService\MediaService.Infrastructure\MediaService.Infrastructure.csproj", "{77E3AF10-5145-4950-84E3-2A699D61CE43}"
EndProject
Project("{FAE04EC0-301F-11D3-BF4B-00C04F79EFBC}") = "MediaService.Api", "src\services\MediaService\MediaService.Api\MediaService.Api.csproj", "{20CF975E-D81E-492B-9DAC-9EBD6554564F}"
EndProject
Project("{2150E333-8FDC-42A3-9474-1A3956D46DE8}") = "AiService", "AiService", "{144458A9-B039-97D3-E749-2EB70E6035AA}"
EndProject
Project("{FAE04EC0-301F-11D3-BF4B-00C04F79EFBC}") = "AiService.Domain", "src\services\AiService\AiService.Domain\AiService.Domain.csproj", "{31B227F3-5261-4C03-B397-6B134E630AB5}"
EndProject
Project("{FAE04EC0-301F-11D3-BF4B-00C04F79EFBC}") = "AiService.Application", "src\services\AiService\AiService.Application\AiService.Application.csproj", "{DEBD14C8-B944-4C0B-8EF3-52A12D55C722}"
EndProject
Project("{FAE04EC0-301F-11D3-BF4B-00C04F79EFBC}") = "AiService.Infrastructure", "src\services\AiService\AiService.Infrastructure\AiService.Infrastructure.csproj", "{54F3BAFF-B531-4FB4-B908-F8E8C679E08B}"
EndProject
Project("{FAE04EC0-301F-11D3-BF4B-00C04F79EFBC}") = "AiService.Api", "src\services\AiService\AiService.Api\AiService.Api.csproj", "{52AF0527-BD04-4BE5-9180-4A6610180AD0}"
EndProject
Global
	GlobalSection(SolutionConfigurationPlatforms) = preSolution
		Debug|Any CPU = Debug|Any CPU
		Debug|x64 = Debug|x64
		Debug|x86 = Debug|x86
		Release|Any CPU = Release|Any CPU
		Release|x64 = Release|x64
		Release|x86 = Release|x86
	EndGlobalSection
	GlobalSection(ProjectConfigurationPlatforms) = postSolution
		{13F41857-4141-4F0A-B0A8-6CFD76F2D2E7}.Debug|Any CPU.ActiveCfg = Debug|Any CPU
		{13F41857-4141-4F0A-B0A8-6CFD76F2D2E7}.Debug|Any CPU.Build.0 = Debug|Any CPU
		{13F41857-4141-4F0A-B0A8-6CFD76F2D2E7}.Debug|x64.ActiveCfg = Debug|Any CPU
		{13F41857-4141-4F0A-B0A8-6CFD76F2D2E7}.Debug|x64.Build.0 = Debug|Any CPU
		{13F41857-4141-4F0A-B0A8-6CFD76F2D2E7}.Debug|x86.ActiveCfg = Debug|Any CPU
		{13F41857-4141-4F0A-B0A8-6CFD76F2D2E7}.Debug|x86.Build.0 = Debug|Any CPU
		{13F41857-4141-4F0A-B0A8-6CFD76F2D2E7}.Release|Any CPU.ActiveCfg = Release|Any CPU
		{13F41857-4141-4F0A-B0A8-6CFD76F2D2E7}.Release|Any CPU.Build.0 = Release|Any CPU
		{13F41857-4141-4F0A-B0A8-6CFD76F2D2E7}.Release|x64.ActiveCfg = Release|Any CPU
		{13F41857-4141-4F0A-B0A8-6CFD76F2D2E7}.Release|x64.Build.0 = Release|Any CPU
		{13F41857-4141-4F0A-B0A8-6CFD76F2D2E7}.Release|x86.ActiveCfg = Release|Any CPU
		{13F41857-4141-4F0A-B0A8-6CFD76F2D2E7}.Release|x86.Build.0 = Release|Any CPU
		{2631ED43-F84F-480F-B106-9A1697562CD9}.Debug|Any CPU.ActiveCfg = Debug|Any CPU
		{2631ED43-F84F-480F-B106-9A1697562CD9}.Debug|Any CPU.Build.0 = Debug|Any CPU
		{2631ED43-F84F-480F-B106-9A1697562CD9}.Debug|x64.ActiveCfg = Debug|Any CPU
		{2631ED43-F84F-480F-B106-9A1697562CD9}.Debug|x64.Build.0 = Debug|Any CPU
		{2631ED43-F84F-480F-B106-9A1697562CD9}.Debug|x86.ActiveCfg = Debug|Any CPU
		{2631ED43-F84F-480F-B106-9A1697562CD9}.Debug|x86.Build.0 = Debug|Any CPU
		{2631ED43-F84F-480F-B106-9A1697562CD9}.Release|Any CPU.ActiveCfg = Release|Any CPU
		{2631ED43-F84F-480F-B106-9A1697562CD9}.Release|Any CPU.Build.0 = Release|Any CPU
		{2631ED43-F84F-480F-B106-9A1697562CD9}.Release|x64.ActiveCfg = Release|Any CPU
		{2631ED43-F84F-480F-B106-9A1697562CD9}.Release|x64.Build.0 = Release|Any CPU
		{2631ED43-F84F-480F-B106-9A1697562CD9}.Release|x86.ActiveCfg = Release|Any CPU
		{2631ED43-F84F-480F-B106-9A1697562CD9}.Release|x86.Build.0 = Release|Any CPU
		{AF983751-45AD-42C3-8012-602DE40979D2}.Debug|Any CPU.ActiveCfg = Debug|Any CPU
		{AF983751-45AD-42C3-8012-602DE40979D2}.Debug|Any CPU.Build.0 = Debug|Any CPU
		{AF983751-45AD-42C3-8012-602DE40979D2}.Debug|x64.ActiveCfg = Debug|Any CPU
		{AF983751-45AD-42C3-8012-602DE40979D2}.Debug|x64.Build.0 = Debug|Any CPU
		{AF983751-45AD-42C3-8012-602DE40979D2}.Debug|x86.ActiveCfg = Debug|Any CPU
		{AF983751-45AD-42C3-8012-602DE40979D2}.Debug|x86.Build.0 = Debug|Any CPU
		{AF983751-45AD-42C3-8012-602DE40979D2}.Release|Any CPU.ActiveCfg = Release|Any CPU
		{AF983751-45AD-42C3-8012-602DE40979D2}.Release|Any CPU.Build.0 = Release|Any CPU
		{AF983751-45AD-42C3-8012-602DE40979D2}.Release|x64.ActiveCfg = Release|Any CPU
		{AF983751-45AD-42C3-8012-602DE40979D2}.Release|x64.Build.0 = Release|Any CPU
		{AF983751-45AD-42C3-8012-602DE40979D2}.Release|x86.ActiveCfg = Release|Any CPU
		{AF983751-45AD-42C3-8012-602DE40979D2}.Release|x86.Build.0 = Release|Any CPU
		{FB80D69E-7D66-4C6A-9CAC-45DFBD947070}.Debug|Any CPU.ActiveCfg = Debug|Any CPU
		{FB80D69E-7D66-4C6A-9CAC-45DFBD947070}.Debug|Any CPU.Build.0 = Debug|Any CPU
		{FB80D69E-7D66-4C6A-9CAC-45DFBD947070}.Debug|x64.ActiveCfg = Debug|Any CPU
		{FB80D69E-7D66-4C6A-9CAC-45DFBD947070}.Debug|x64.Build.0 = Debug|Any CPU
		{FB80D69E-7D66-4C6A-9CAC-45DFBD947070}.Debug|x86.ActiveCfg = Debug|Any CPU
		{FB80D69E-7D66-4C6A-9CAC-45DFBD947070}.Debug|x86.Build.0 = Debug|Any CPU
		{FB80D69E-7D66-4C6A-9CAC-45DFBD947070}.Release|Any CPU.ActiveCfg = Release|Any CPU
		{FB80D69E-7D66-4C6A-9CAC-45DFBD947070}.Release|Any CPU.Build.0 = Release|Any CPU
		{FB80D69E-7D66-4C6A-9CAC-45DFBD947070}.Release|x64.ActiveCfg = Release|Any CPU
		{FB80D69E-7D66-4C6A-9CAC-45DFBD947070}.Release|x64.Build.0 = Release|Any CPU
		{FB80D69E-7D66-4C6A-9CAC-45DFBD947070}.Release|x86.ActiveCfg = Release|Any CPU
		{FB80D69E-7D66-4C6A-9CAC-45DFBD947070}.Release|x86.Build.0 = Release|Any CPU
		{71C2D624-177B-4698-935B-3A17F5A75720}.Debug|Any CPU.ActiveCfg = Debug|Any CPU
		{71C2D624-177B-4698-935B-3A17F5A75720}.Debug|Any CPU.Build.0 = Debug|Any CPU
		{71C2D624-177B-4698-935B-3A17F5A75720}.Debug|x64.ActiveCfg = Debug|Any CPU
		{71C2D624-177B-4698-935B-3A17F5A75720}.Debug|x64.Build.0 = Debug|Any CPU
		{71C2D624-177B-4698-935B-3A17F5A75720}.Debug|x86.ActiveCfg = Debug|Any CPU
		{71C2D624-177B-4698-935B-3A17F5A75720}.Debug|x86.Build.0 = Debug|Any CPU
		{71C2D624-177B-4698-935B-3A17F5A75720}.Release|Any CPU.ActiveCfg = Release|Any CPU
		{71C2D624-177B-4698-935B-3A17F5A75720}.Release|Any CPU.Build.0 = Release|Any CPU
		{71C2D624-177B-4698-935B-3A17F5A75720}.Release|x64.ActiveCfg = Release|Any CPU
		{71C2D624-177B-4698-935B-3A17F5A75720}.Release|x64.Build.0 = Release|Any CPU
		{71C2D624-177B-4698-935B-3A17F5A75720}.Release|x86.ActiveCfg = Release|Any CPU
		{71C2D624-177B-4698-935B-3A17F5A75720}.Release|x86.Build.0 = Release|Any CPU
		{4DC50F7A-2500-4E9C-BBB6-7ED2C157D3EF}.Debug|Any CPU.ActiveCfg = Debug|Any CPU
		{4DC50F7A-2500-4E9C-BBB6-7ED2C157D3EF}.Debug|Any CPU.Build.0 = Debug|Any CPU
		{4DC50F7A-2500-4E9C-BBB6-7ED2C157D3EF}.Debug|x64.ActiveCfg = Debug|Any CPU
		{4DC50F7A-2500-4E9C-BBB6-7ED2C157D3EF}.Debug|x64.Build.0 = Debug|Any CPU
		{4DC50F7A-2500-4E9C-BBB6-7ED2C157D3EF}.Debug|x86.ActiveCfg = Debug|Any CPU
		{4DC50F7A-2500-4E9C-BBB6-7ED2C157D3EF}.Debug|x86.Build.0 = Debug|Any CPU
		{4DC50F7A-2500-4E9C-BBB6-7ED2C157D3EF}.Release|Any CPU.ActiveCfg = Release|Any CPU
		{4DC50F7A-2500-4E9C-BBB6-7ED2C157D3EF}.Release|Any CPU.Build.0 = Release|Any CPU
		{4DC50F7A-2500-4E9C-BBB6-7ED2C157D3EF}.Release|x64.ActiveCfg = Release|Any CPU
		{4DC50F7A-2500-4E9C-BBB6-7ED2C157D3EF}.Release|x64.Build.0 = Release|Any CPU
		{4DC50F7A-2500-4E9C-BBB6-7ED2C157D3EF}.Release|x86.ActiveCfg = Release|Any CPU
		{4DC50F7A-2500-4E9C-BBB6-7ED2C157D3EF}.Release|x86.Build.0 = Release|Any CPU
		{979DA142-5541-46A9-B86C-A9CCA2EFBE07}.Debug|Any CPU.ActiveCfg = Debug|Any CPU
		{979DA142-5541-46A9-B86C-A9CCA2EFBE07}.Debug|Any CPU.Build.0 = Debug|Any CPU
		{979DA142-5541-46A9-B86C-A9CCA2EFBE07}.Debug|x64.ActiveCfg = Debug|Any CPU
		{979DA142-5541-46A9-B86C-A9CCA2EFBE07}.Debug|x64.Build.0 = Debug|Any CPU
		{979DA142-5541-46A9-B86C-A9CCA2EFBE07}.Debug|x86.ActiveCfg = Debug|Any CPU
		{979DA142-5541-46A9-B86C-A9CCA2EFBE07}.Debug|x86.Build.0 = Debug|Any CPU
		{979DA142-5541-46A9-B86C-A9CCA2EFBE07}.Release|Any CPU.ActiveCfg = Release|Any CPU
		{979DA142-5541-46A9-B86C-A9CCA2EFBE07}.Release|Any CPU.Build.0 = Release|Any CPU
		{979DA142-5541-46A9-B86C-A9CCA2EFBE07}.Release|x64.ActiveCfg = Release|Any CPU
		{979DA142-5541-46A9-B86C-A9CCA2EFBE07}.Release|x64.Build.0 = Release|Any CPU
		{979DA142-5541-46A9-B86C-A9CCA2EFBE07}.Release|x86.ActiveCfg = Release|Any CPU
		{979DA142-5541-46A9-B86C-A9CCA2EFBE07}.Release|x86.Build.0 = Release|Any CPU
		{C1BA88FF-8AD9-455F-8928-F3E62136DA22}.Debug|Any CPU.ActiveCfg = Debug|Any CPU
		{C1BA88FF-8AD9-455F-8928-F3E62136DA22}.Debug|Any CPU.Build.0 = Debug|Any CPU
		{C1BA88FF-8AD9-455F-8928-F3E62136DA22}.Debug|x64.ActiveCfg = Debug|Any CPU
		{C1BA88FF-8AD9-455F-8928-F3E62136DA22}.Debug|x64.Build.0 = Debug|Any CPU
		{C1BA88FF-8AD9-455F-8928-F3E62136DA22}.Debug|x86.ActiveCfg = Debug|Any CPU
		{C1BA88FF-8AD9-455F-8928-F3E62136DA22}.Debug|x86.Build.0 = Debug|Any CPU
		{C1BA88FF-8AD9-455F-8928-F3E62136DA22}.Release|Any CPU.ActiveCfg = Release|Any CPU
		{C1BA88FF-8AD9-455F-8928-F3E62136DA22}.Release|Any CPU.Build.0 = Release|Any CPU
		{C1BA88FF-8AD9-455F-8928-F3E62136DA22}.Release|x64.ActiveCfg = Release|Any CPU
		{C1BA88FF-8AD9-455F-8928-F3E62136DA22}.Release|x64.Build.0 = Release|Any CPU
		{C1BA88FF-8AD9-455F-8928-F3E62136DA22}.Release|x86.ActiveCfg = Release|Any CPU
		{C1BA88FF-8AD9-455F-8928-F3E62136DA22}.Release|x86.Build.0 = Release|Any CPU
		{179071F8-7487-4E01-80AB-56838661E9E3}.Debug|Any CPU.ActiveCfg = Debug|Any CPU
		{179071F8-7487-4E01-80AB-56838661E9E3}.Debug|Any CPU.Build.0 = Debug|Any CPU
		{179071F8-7487-4E01-80AB-56838661E9E3}.Debug|x64.ActiveCfg = Debug|Any CPU
		{179071F8-7487-4E01-80AB-56838661E9E3}.Debug|x64.Build.0 = Debug|Any CPU
		{179071F8-7487-4E01-80AB-56838661E9E3}.Debug|x86.ActiveCfg = Debug|Any CPU
		{179071F8-7487-4E01-80AB-56838661E9E3}.Debug|x86.Build.0 = Debug|Any CPU
		{179071F8-7487-4E01-80AB-56838661E9E3}.Release|Any CPU.ActiveCfg = Release|Any CPU
		{179071F8-7487-4E01-80AB-56838661E9E3}.Release|Any CPU.Build.0 = Release|Any CPU
		{179071F8-7487-4E01-80AB-56838661E9E3}.Release|x64.ActiveCfg = Release|Any CPU
		{179071F8-7487-4E01-80AB-56838661E9E3}.Release|x64.Build.0 = Release|Any CPU
		{179071F8-7487-4E01-80AB-56838661E9E3}.Release|x86.ActiveCfg = Release|Any CPU
		{179071F8-7487-4E01-80AB-56838661E9E3}.Release|x86.Build.0 = Release|Any CPU
		{173B7D34-E877-4124-A939-8B4D4027F42D}.Debug|Any CPU.ActiveCfg = Debug|Any CPU
		{173B7D34-E877-4124-A939-8B4D4027F42D}.Debug|Any CPU.Build.0 = Debug|Any CPU
		{173B7D34-E877-4124-A939-8B4D4027F42D}.Debug|x64.ActiveCfg = Debug|Any CPU
		{173B7D34-E877-4124-A939-8B4D4027F42D}.Debug|x64.Build.0 = Debug|Any CPU
		{173B7D34-E877-4124-A939-8B4D4027F42D}.Debug|x86.ActiveCfg = Debug|Any CPU
		{173B7D34-E877-4124-A939-8B4D4027F42D}.Debug|x86.Build.0 = Debug|Any CPU
		{173B7D34-E877-4124-A939-8B4D4027F42D}.Release|Any CPU.ActiveCfg = Release|Any CPU
		{173B7D34-E877-4124-A939-8B4D4027F42D}.Release|Any CPU.Build.0 = Release|Any CPU
		{173B7D34-E877-4124-A939-8B4D4027F42D}.Release|x64.ActiveCfg = Release|Any CPU
		{173B7D34-E877-4124-A939-8B4D4027F42D}.Release|x64.Build.0 = Release|Any CPU
		{173B7D34-E877-4124-A939-8B4D4027F42D}.Release|x86.ActiveCfg = Release|Any CPU
		{173B7D34-E877-4124-A939-8B4D4027F42D}.Release|x86.Build.0 = Release|Any CPU
		{D69EF01A-7A90-4DFE-9FB0-36383B3B4912}.Debug|Any CPU.ActiveCfg = Debug|Any CPU
		{D69EF01A-7A90-4DFE-9FB0-36383B3B4912}.Debug|Any CPU.Build.0 = Debug|Any CPU
		{D69EF01A-7A90-4DFE-9FB0-36383B3B4912}.Debug|x64.ActiveCfg = Debug|Any CPU
		{D69EF01A-7A90-4DFE-9FB0-36383B3B4912}.Debug|x64.Build.0 = Debug|Any CPU
		{D69EF01A-7A90-4DFE-9FB0-36383B3B4912}.Debug|x86.ActiveCfg = Debug|Any CPU
		{D69EF01A-7A90-4DFE-9FB0-36383B3B4912}.Debug|x86.Build.0 = Debug|Any CPU
		{D69EF01A-7A90-4DFE-9FB0-36383B3B4912}.Release|Any CPU.ActiveCfg = Release|Any CPU
		{D69EF01A-7A90-4DFE-9FB0-36383B3B4912}.Release|Any CPU.Build.0 = Release|Any CPU
		{D69EF01A-7A90-4DFE-9FB0-36383B3B4912}.Release|x64.ActiveCfg = Release|Any CPU
		{D69EF01A-7A90-4DFE-9FB0-36383B3B4912}.Release|x64.Build.0 = Release|Any CPU
		{D69EF01A-7A90-4DFE-9FB0-36383B3B4912}.Release|x86.ActiveCfg = Release|Any CPU
		{D69EF01A-7A90-4DFE-9FB0-36383B3B4912}.Release|x86.Build.0 = Release|Any CPU
		{936A58A2-7215-45E8-975A-3ACA4C7C2F75}.Debug|Any CPU.ActiveCfg = Debug|Any CPU
		{936A58A2-7215-45E8-975A-3ACA4C7C2F75}.Debug|Any CPU.Build.0 = Debug|Any CPU
		{936A58A2-7215-45E8-975A-3ACA4C7C2F75}.Debug|x64.ActiveCfg = Debug|Any CPU
		{936A58A2-7215-45E8-975A-3ACA4C7C2F75}.Debug|x64.Build.0 = Debug|Any CPU
		{936A58A2-7215-45E8-975A-3ACA4C7C2F75}.Debug|x86.ActiveCfg = Debug|Any CPU
		{936A58A2-7215-45E8-975A-3ACA4C7C2F75}.Debug|x86.Build.0 = Debug|Any CPU
		{936A58A2-7215-45E8-975A-3ACA4C7C2F75}.Release|Any CPU.ActiveCfg = Release|Any CPU
		{936A58A2-7215-45E8-975A-3ACA4C7C2F75}.Release|Any CPU.Build.0 = Release|Any CPU
		{936A58A2-7215-45E8-975A-3ACA4C7C2F75}.Release|x64.ActiveCfg = Release|Any CPU
		{936A58A2-7215-45E8-975A-3ACA4C7C2F75}.Release|x64.Build.0 = Release|Any CPU
		{936A58A2-7215-45E8-975A-3ACA4C7C2F75}.Release|x86.ActiveCfg = Release|Any CPU
		{936A58A2-7215-45E8-975A-3ACA4C7C2F75}.Release|x86.Build.0 = Release|Any CPU
		{C3548F9B-DCC0-48F2-A75C-3316E5320C16}.Debug|Any CPU.ActiveCfg = Debug|Any CPU
		{C3548F9B-DCC0-48F2-A75C-3316E5320C16}.Debug|Any CPU.Build.0 = Debug|Any CPU
		{C3548F9B-DCC0-48F2-A75C-3316E5320C16}.Debug|x64.ActiveCfg = Debug|Any CPU
		{C3548F9B-DCC0-48F2-A75C-3316E5320C16}.Debug|x64.Build.0 = Debug|Any CPU
		{C3548F9B-DCC0-48F2-A75C-3316E5320C16}.Debug|x86.ActiveCfg = Debug|Any CPU
		{C3548F9B-DCC0-48F2-A75C-3316E5320C16}.Debug|x86.Build.0 = Debug|Any CPU
		{C3548F9B-DCC0-48F2-A75C-3316E5320C16}.Release|Any CPU.ActiveCfg = Release|Any CPU
		{C3548F9B-DCC0-48F2-A75C-3316E5320C16}.Release|Any CPU.Build.0 = Release|Any CPU
		{C3548F9B-DCC0-48F2-A75C-3316E5320C16}.Release|x64.ActiveCfg = Release|Any CPU
		{C3548F9B-DCC0-48F2-A75C-3316E5320C16}.Release|x64.Build.0 = Release|Any CPU
		{C3548F9B-DCC0-48F2-A75C-3316E5320C16}.Release|x86.ActiveCfg = Release|Any CPU
		{C3548F9B-DCC0-48F2-A75C-3316E5320C16}.Release|x86.Build.0 = Release|Any CPU
		{6F56D1AE-5329-4F43-925F-518FE4023AE0}.Debug|Any CPU.ActiveCfg = Debug|Any CPU
		{6F56D1AE-5329-4F43-925F-518FE4023AE0}.Debug|Any CPU.Build.0 = Debug|Any CPU
		{6F56D1AE-5329-4F43-925F-518FE4023AE0}.Debug|x64.ActiveCfg = Debug|Any CPU
		{6F56D1AE-5329-4F43-925F-518FE4023AE0}.Debug|x64.Build.0 = Debug|Any CPU
		{6F56D1AE-5329-4F43-925F-518FE4023AE0}.Debug|x86.ActiveCfg = Debug|Any CPU
		{6F56D1AE-5329-4F43-925F-518FE4023AE0}.Debug|x86.Build.0 = Debug|Any CPU
		{6F56D1AE-5329-4F43-925F-518FE4023AE0}.Release|Any CPU.ActiveCfg = Release|Any CPU
		{6F56D1AE-5329-4F43-925F-518FE4023AE0}.Release|Any CPU.Build.0 = Release|Any CPU
		{6F56D1AE-5329-4F43-925F-518FE4023AE0}.Release|x64.ActiveCfg = Release|Any CPU
		{6F56D1AE-5329-4F43-925F-518FE4023AE0}.Release|x64.Build.0 = Release|Any CPU
		{6F56D1AE-5329-4F43-925F-518FE4023AE0}.Release|x86.ActiveCfg = Release|Any CPU
		{6F56D1AE-5329-4F43-925F-518FE4023AE0}.Release|x86.Build.0 = Release|Any CPU
		{DDAE765E-64B3-492D-96D4-C4681630ECD3}.Debug|Any CPU.ActiveCfg = Debug|Any CPU
		{DDAE765E-64B3-492D-96D4-C4681630ECD3}.Debug|Any CPU.Build.0 = Debug|Any CPU
		{DDAE765E-64B3-492D-96D4-C4681630ECD3}.Debug|x64.ActiveCfg = Debug|Any CPU
		{DDAE765E-64B3-492D-96D4-C4681630ECD3}.Debug|x64.Build.0 = Debug|Any CPU
		{DDAE765E-64B3-492D-96D4-C4681630ECD3}.Debug|x86.ActiveCfg = Debug|Any CPU
		{DDAE765E-64B3-492D-96D4-C4681630ECD3}.Debug|x86.Build.0 = Debug|Any CPU
		{DDAE765E-64B3-492D-96D4-C4681630ECD3}.Release|Any CPU.ActiveCfg = Release|Any CPU
		{DDAE765E-64B3-492D-96D4-C4681630ECD3}.Release|Any CPU.Build.0 = Release|Any CPU
		{DDAE765E-64B3-492D-96D4-C4681630ECD3}.Release|x64.ActiveCfg = Release|Any CPU
		{DDAE765E-64B3-492D-96D4-C4681630ECD3}.Release|x64.Build.0 = Release|Any CPU
		{DDAE765E-64B3-492D-96D4-C4681630ECD3}.Release|x86.ActiveCfg = Release|Any CPU
		{DDAE765E-64B3-492D-96D4-C4681630ECD3}.Release|x86.Build.0 = Release|Any CPU
		{77E3AF10-5145-4950-84E3-2A699D61CE43}.Debug|Any CPU.ActiveCfg = Debug|Any CPU
		{77E3AF10-5145-4950-84E3-2A699D61CE43}.Debug|Any CPU.Build.0 = Debug|Any CPU
		{77E3AF10-5145-4950-84E3-2A699D61CE43}.Debug|x64.ActiveCfg = Debug|Any CPU
		{77E3AF10-5145-4950-84E3-2A699D61CE43}.Debug|x64.Build.0 = Debug|Any CPU
		{77E3AF10-5145-4950-84E3-2A699D61CE43}.Debug|x86.ActiveCfg = Debug|Any CPU
		{77E3AF10-5145-4950-84E3-2A699D61CE43}.Debug|x86.Build.0 = Debug|Any CPU
		{77E3AF10-5145-4950-84E3-2A699D61CE43}.Release|Any CPU.ActiveCfg = Release|Any CPU
		{77E3AF10-5145-4950-84E3-2A699D61CE43}.Release|Any CPU.Build.0 = Release|Any CPU
		{77E3AF10-5145-4950-84E3-2A699D61CE43}.Release|x64.ActiveCfg = Release|Any CPU
		{77E3AF10-5145-4950-84E3-2A699D61CE43}.Release|x64.Build.0 = Release|Any CPU
		{77E3AF10-5145-4950-84E3-2A699D61CE43}.Release|x86.ActiveCfg = Release|Any CPU
		{77E3AF10-5145-4950-84E3-2A699D61CE43}.Release|x86.Build.0 = Release|Any CPU
		{20CF975E-D81E-492B-9DAC-9EBD6554564F}.Debug|Any CPU.ActiveCfg = Debug|Any CPU
		{20CF975E-D81E-492B-9DAC-9EBD6554564F}.Debug|Any CPU.Build.0 = Debug|Any CPU
		{20CF975E-D81E-492B-9DAC-9EBD6554564F}.Debug|x64.ActiveCfg = Debug|Any CPU
		{20CF975E-D81E-492B-9DAC-9EBD6554564F}.Debug|x64.Build.0 = Debug|Any CPU
		{20CF975E-D81E-492B-9DAC-9EBD6554564F}.Debug|x86.ActiveCfg = Debug|Any CPU
		{20CF975E-D81E-492B-9DAC-9EBD6554564F}.Debug|x86.Build.0 = Debug|Any CPU
		{20CF975E-D81E-492B-9DAC-9EBD6554564F}.Release|Any CPU.ActiveCfg = Release|Any CPU
		{20CF975E-D81E-492B-9DAC-9EBD6554564F}.Release|Any CPU.Build.0 = Release|Any CPU
		{20CF975E-D81E-492B-9DAC-9EBD6554564F}.Release|x64.ActiveCfg = Release|Any CPU
		{20CF975E-D81E-492B-9DAC-9EBD6554564F}.Release|x64.Build.0 = Release|Any CPU
		{20CF975E-D81E-492B-9DAC-9EBD6554564F}.Release|x86.ActiveCfg = Release|Any CPU
		{20CF975E-D81E-492B-9DAC-9EBD6554564F}.Release|x86.Build.0 = Release|Any CPU
		{31B227F3-5261-4C03-B397-6B134E630AB5}.Debug|Any CPU.ActiveCfg = Debug|Any CPU
		{31B227F3-5261-4C03-B397-6B134E630AB5}.Debug|Any CPU.Build.0 = Debug|Any CPU
		{31B227F3-5261-4C03-B397-6B134E630AB5}.Debug|x64.ActiveCfg = Debug|Any CPU
		{31B227F3-5261-4C03-B397-6B134E630AB5}.Debug|x64.Build.0 = Debug|Any CPU
		{31B227F3-5261-4C03-B397-6B134E630AB5}.Debug|x86.ActiveCfg = Debug|Any CPU
		{31B227F3-5261-4C03-B397-6B134E630AB5}.Debug|x86.Build.0 = Debug|Any CPU
		{31B227F3-5261-4C03-B397-6B134E630AB5}.Release|Any CPU.ActiveCfg = Release|Any CPU
		{31B227F3-5261-4C03-B397-6B134E630AB5}.Release|Any CPU.Build.0 = Release|Any CPU
		{31B227F3-5261-4C03-B397-6B134E630AB5}.Release|x64.ActiveCfg = Release|Any CPU
		{31B227F3-5261-4C03-B397-6B134E630AB5}.Release|x64.Build.0 = Release|Any CPU
		{31B227F3-5261-4C03-B397-6B134E630AB5}.Release|x86.ActiveCfg = Release|Any CPU
		{31B227F3-5261-4C03-B397-6B134E630AB5}.Release|x86.Build.0 = Release|Any CPU
		{DEBD14C8-B944-4C0B-8EF3-52A12D55C722}.Debug|Any CPU.ActiveCfg = Debug|Any CPU
		{DEBD14C8-B944-4C0B-8EF3-52A12D55C722}.Debug|Any CPU.Build.0 = Debug|Any CPU
		{DEBD14C8-B944-4C0B-8EF3-52A12D55C722}.Debug|x64.ActiveCfg = Debug|Any CPU
		{DEBD14C8-B944-4C0B-8EF3-52A12D55C722}.Debug|x64.Build.0 = Debug|Any CPU
		{DEBD14C8-B944-4C0B-8EF3-52A12D55C722}.Debug|x86.ActiveCfg = Debug|Any CPU
		{DEBD14C8-B944-4C0B-8EF3-52A12D55C722}.Debug|x86.Build.0 = Debug|Any CPU
		{DEBD14C8-B944-4C0B-8EF3-52A12D55C722}.Release|Any CPU.ActiveCfg = Release|Any CPU
		{DEBD14C8-B944-4C0B-8EF3-52A12D55C722}.Release|Any CPU.Build.0 = Release|Any CPU
		{DEBD14C8-B944-4C0B-8EF3-52A12D55C722}.Release|x64.ActiveCfg = Release|Any CPU
		{DEBD14C8-B944-4C0B-8EF3-52A12D55C722}.Release|x64.Build.0 = Release|Any CPU
		{DEBD14C8-B944-4C0B-8EF3-52A12D55C722}.Release|x86.ActiveCfg = Release|Any CPU
		{DEBD14C8-B944-4C0B-8EF3-52A12D55C722}.Release|x86.Build.0 = Release|Any CPU
		{54F3BAFF-B531-4FB4-B908-F8E8C679E08B}.Debug|Any CPU.ActiveCfg = Debug|Any CPU
		{54F3BAFF-B531-4FB4-B908-F8E8C679E08B}.Debug|Any CPU.Build.0 = Debug|Any CPU
		{54F3BAFF-B531-4FB4-B908-F8E8C679E08B}.Debug|x64.ActiveCfg = Debug|Any CPU
		{54F3BAFF-B531-4FB4-B908-F8E8C679E08B}.Debug|x64.Build.0 = Debug|Any CPU
		{54F3BAFF-B531-4FB4-B908-F8E8C679E08B}.Debug|x86.ActiveCfg = Debug|Any CPU
		{54F3BAFF-B531-4FB4-B908-F8E8C679E08B}.Debug|x86.Build.0 = Debug|Any CPU
		{54F3BAFF-B531-4FB4-B908-F8E8C679E08B}.Release|Any CPU.ActiveCfg = Release|Any CPU
		{54F3BAFF-B531-4FB4-B908-F8E8C679E08B}.Release|Any CPU.Build.0 = Release|Any CPU
		{54F3BAFF-B531-4FB4-B908-F8E8C679E08B}.Release|x64.ActiveCfg = Release|Any CPU
		{54F3BAFF-B531-4FB4-B908-F8E8C679E08B}.Release|x64.Build.0 = Release|Any CPU
		{54F3BAFF-B531-4FB4-B908-F8E8C679E08B}.Release|x86.ActiveCfg = Release|Any CPU
		{54F3BAFF-B531-4FB4-B908-F8E8C679E08B}.Release|x86.Build.0 = Release|Any CPU
		{52AF0527-BD04-4BE5-9180-4A6610180AD0}.Debug|Any CPU.ActiveCfg = Debug|Any CPU
		{52AF0527-BD04-4BE5-9180-4A6610180AD0}.Debug|Any CPU.Build.0 = Debug|Any CPU
		{52AF0527-BD04-4BE5-9180-4A6610180AD0}.Debug|x64.ActiveCfg = Debug|Any CPU
		{52AF0527-BD04-4BE5-9180-4A6610180AD0}.Debug|x64.Build.0 = Debug|Any CPU
		{52AF0527-BD04-4BE5-9180-4A6610180AD0}.Debug|x86.ActiveCfg = Debug|Any CPU
		{52AF0527-BD04-4BE5-9180-4A6610180AD0}.Debug|x86.Build.0 = Debug|Any CPU
		{52AF0527-BD04-4BE5-9180-4A6610180AD0}.Release|Any CPU.ActiveCfg = Release|Any CPU
		{52AF0527-BD04-4BE5-9180-4A6610180AD0}.Release|Any CPU.Build.0 = Release|Any CPU
		{52AF0527-BD04-4BE5-9180-4A6610180AD0}.Release|x64.ActiveCfg = Release|Any CPU
		{52AF0527-BD04-4BE5-9180-4A6610180AD0}.Release|x64.Build.0 = Release|Any CPU
		{52AF0527-BD04-4BE5-9180-4A6610180AD0}.Release|x86.ActiveCfg = Release|Any CPU
		{52AF0527-BD04-4BE5-9180-4A6610180AD0}.Release|x86.Build.0 = Release|Any CPU
	EndGlobalSection
	GlobalSection(SolutionProperties) = preSolution
		HideSolutionNode = FALSE
	EndGlobalSection
	GlobalSection(NestedProjects) = preSolution
		{984BB9B3-3FA3-BE33-9484-CAC21695A33C} = {827E0CD3-B72D-47B6-A68D-7590B98EB39B}
		{3D2E8631-8982-4CD8-85A8-437089729894} = {984BB9B3-3FA3-BE33-9484-CAC21695A33C}
		{13F41857-4141-4F0A-B0A8-6CFD76F2D2E7} = {3D2E8631-8982-4CD8-85A8-437089729894}
		{2631ED43-F84F-480F-B106-9A1697562CD9} = {3D2E8631-8982-4CD8-85A8-437089729894}
		{AF983751-45AD-42C3-8012-602DE40979D2} = {3D2E8631-8982-4CD8-85A8-437089729894}
		{FB80D69E-7D66-4C6A-9CAC-45DFBD947070} = {3D2E8631-8982-4CD8-85A8-437089729894}
		{90298CBA-BD6F-3A0A-69D5-97CAD7B05E7E} = {827E0CD3-B72D-47B6-A68D-7590B98EB39B}
		{71C2D624-177B-4698-935B-3A17F5A75720} = {90298CBA-BD6F-3A0A-69D5-97CAD7B05E7E}
		{E84AFA33-838D-562F-4664-2E89E0D91D0E} = {984BB9B3-3FA3-BE33-9484-CAC21695A33C}
		{4DC50F7A-2500-4E9C-BBB6-7ED2C157D3EF} = {E84AFA33-838D-562F-4664-2E89E0D91D0E}
		{979DA142-5541-46A9-B86C-A9CCA2EFBE07} = {E84AFA33-838D-562F-4664-2E89E0D91D0E}
		{C1BA88FF-8AD9-455F-8928-F3E62136DA22} = {E84AFA33-838D-562F-4664-2E89E0D91D0E}
		{179071F8-7487-4E01-80AB-56838661E9E3} = {E84AFA33-838D-562F-4664-2E89E0D91D0E}
		{EED46BDE-850E-C509-1804-4B82399CC581} = {984BB9B3-3FA3-BE33-9484-CAC21695A33C}
		{173B7D34-E877-4124-A939-8B4D4027F42D} = {EED46BDE-850E-C509-1804-4B82399CC581}
		{D69EF01A-7A90-4DFE-9FB0-36383B3B4912} = {EED46BDE-850E-C509-1804-4B82399CC581}
		{936A58A2-7215-45E8-975A-3ACA4C7C2F75} = {EED46BDE-850E-C509-1804-4B82399CC581}
		{C3548F9B-DCC0-48F2-A75C-3316E5320C16} = {EED46BDE-850E-C509-1804-4B82399CC581}
		{734588D4-7F9B-608D-68A3-3A517553E21D} = {984BB9B3-3FA3-BE33-9484-CAC21695A33C}
		{6F56D1AE-5329-4F43-925F-518FE4023AE0} = {734588D4-7F9B-608D-68A3-3A517553E21D}
		{DDAE765E-64B3-492D-96D4-C4681630ECD3} = {734588D4-7F9B-608D-68A3-3A517553E21D}
		{77E3AF10-5145-4950-84E3-2A699D61CE43} = {734588D4-7F9B-608D-68A3-3A517553E21D}
		{20CF975E-D81E-492B-9DAC-9EBD6554564F} = {734588D4-7F9B-608D-68A3-3A517553E21D}
		{144458A9-B039-97D3-E749-2EB70E6035AA} = {984BB9B3-3FA3-BE33-9484-CAC21695A33C}
		{31B227F3-5261-4C03-B397-6B134E630AB5} = {144458A9-B039-97D3-E749-2EB70E6035AA}
		{DEBD14C8-B944-4C0B-8EF3-52A12D55C722} = {144458A9-B039-97D3-E749-2EB70E6035AA}
		{54F3BAFF-B531-4FB4-B908-F8E8C679E08B} = {144458A9-B039-97D3-E749-2EB70E6035AA}
		{52AF0527-BD04-4BE5-9180-4A6610180AD0} = {144458A9-B039-97D3-E749-2EB70E6035AA}
	EndGlobalSection
EndGlobal
